// !$*UTF8*$!
{
	archiveVersion = 1;
	classes = {
	};
	objectVersion = 46;
	objects = {

/* Begin PBXBuildFile section */
		887957BE1CFC4168006D974F /* AppDelegate.m in Sources */ = {isa = PBXBuildFile; fileRef = 887957BD1CFC4168006D974F /* AppDelegate.m */; };
		887957C11CFC4168006D974F /* main.m in Sources */ = {isa = PBXBuildFile; fileRef = 887957C01CFC4168006D974F /* main.m */; };
		887957C41CFC4168006D974F /* ViewController.m in Sources */ = {isa = PBXBuildFile; fileRef = 887957C31CFC4168006D974F /* ViewController.m */; };
		887957C61CFC4168006D974F /* Assets.xcassets in Resources */ = {isa = PBXBuildFile; fileRef = 887957C51CFC4168006D974F /* Assets.xcassets */; };
		887957C91CFC4168006D974F /* Main.storyboard in Resources */ = {isa = PBXBuildFile; fileRef = 887957C71CFC4168006D974F /* Main.storyboard */; };
/* End PBXBuildFile section */

/* Begin PBXFileReference section */
		887957B91CFC4167006D974F /* XSufileResolving.app */ = {isa = PBXFileReference; explicitFileType = wrapper.application; includeInIndex = 0; path = XSufileResolving.app; sourceTree = BUILT_PRODUCTS_DIR; };
		887957BC1CFC4168006D974F /* AppDelegate.h */ = {isa = PBXFileReference; lastKnownFileType = sourcecode.c.h; path = AppDelegate.h; sourceTree = "<group>"; };
		887957BD1CFC4168006D974F /* AppDelegate.m */ = {isa = PBXFileReference; lastKnownFileType = sourcecode.c.objc; path = AppDelegate.m; sourceTree = "<group>"; };
		887957C01CFC4168006D974F /* main.m */ = {isa = PBXFileReference; lastKnownFileType = sourcecode.c.objc; path = main.m; sourceTree = "<group>"; };
		887957C21CFC4168006D974F /* ViewController.h */ = {isa = PBXFileReference; lastKnownFileType = sourcecode.c.h; path = ViewController.h; sourceTree = "<group>"; };
		887957C31CFC4168006D974F /* ViewController.m */ = {isa = PBXFileReference; lastKnownFileType = sourcecode.c.objc; path = ViewController.m; sourceTree = "<group>"; };
		887957C51CFC4168006D974F /* Assets.xcassets */ = {isa = PBXFileReference; lastKnownFileType = folder.assetcatalog; path = Assets.xcassets; sourceTree = "<group>"; };
		887957C81CFC4168006D974F /* Base */ = {isa = PBXFileReference; lastKnownFileType = file.storyboard; name = Base; path = Base.lproj/Main.storyboard; sourceTree = "<group>"; };
		887957CA1CFC4168006D974F /* Info.plist */ = {isa = PBXFileReference; lastKnownFileType = text.plist.xml; path = Info.plist; sourceTree = "<group>"; };
/* End PBXFileReference section */

/* Begin PBXFrameworksBuildPhase section */
		887957B61CFC4167006D974F /* Frameworks */ = {
			isa = PBXFrameworksBuildPhase;
			buildActionMask = 2147483647;
			files = (
			);
			runOnlyForDeploymentPostprocessing = 0;
		};
/* End PBXFrameworksBuildPhase section */

/* Begin PBXGroup section */
		887957B01CFC4167006D974F = {
			isa = PBXGroup;
			children = (
				887957BB1CFC4167006D974F /* XSufileResolving */,
				887957BA1CFC4167006D974F /* Products */,
			);
			sourceTree = "<group>";
		};
		887957BA1CFC4167006D974F /* Products */ = {
			isa = PBXGroup;
			children = (
				887957B91CFC4167006D974F /* XSufileResolving.app */,
			);
			name = Products;
			sourceTree = "<group>";
		};
		887957BB1CFC4167006D974F /* XSufileResolving */ = {
			isa = PBXGroup;
			children = (
				887957BC1CFC4168006D974F /* AppDelegate.h */,
				887957BD1CFC4168006D974F /* AppDelegate.m */,
				887957C21CFC4168006D974F /* ViewController.h */,
				887957C31CFC4168006D974F /* ViewController.m */,
				887957C51CFC4168006D974F /* Assets.xcassets */,
				887957C71CFC4168006D974F /* Main.storyboard */,
				887957CA1CFC4168006D974F /* Info.plist */,
				887957BF1CFC4168006D974F /* Supporting Files */,
			);
			path = XSufileResolving;
			sourceTree = "<group>";
		};
		887957BF1CFC4168006D974F /* Supporting Files */ = {
			isa = PBXGroup;
			children = (
				887957C01CFC4168006D974F /* main.m */,
			);
			name = "Supporting Files";
			sourceTree = "<group>";
		};
/* End PBXGroup section */

/* Begin PBXNativeTarget section */
		887957B81CFC4167006D974F /* XSufileResolving */ = {
			isa = PBXNativeTarget;
			buildConfigurationList = 887957CD1CFC4168006D974F /* Build configuration list for PBXNativeTarget "XSufileResolving" */;
			buildPhases = (
				887957B51CFC4167006D974F /* Sources */,
				887957B61CFC4167006D974F /* Frameworks */,
				887957B71CFC4167006D974F /* Resources */,
			);
			buildRules = (
			);
			dependencies = (
			);
			name = XSufileResolving;
			productName = XSufileResolving;
			productReference = 887957B91CFC4167006D974F /* XSufileResolving.app */;
			productType = "com.apple.product-type.application";
		};
/* End PBXNativeTarget section */

/* Begin PBXProject section */
		887957B11CFC4167006D974F /* Project object */ = {
			isa = PBXProject;
			attributes = {
				LastUpgradeCheck = 0730;
				ORGANIZATIONNAME = docee;
				TargetAttributes = {
					887957B81CFC4167006D974F = {
						CreatedOnToolsVersion = 7.3;
					};
				};
			};
			buildConfigurationList = 887957B41CFC4167006D974F /* Build configuration list for PBXProject "XSufileResolving" */;
			compatibilityVersion = "Xcode 3.2";
			developmentRegion = English;
			hasScannedForEncodings = 0;
			knownRegions = (
				en,
				Base,
			);
			mainGroup = 887957B01CFC4167006D974F;
			productRefGroup = 887957BA1CFC4167006D974F /* Products */;
			projectDirPath = "";
			projectRoot = "";
			targets = (
				887957B81CFC4167006D974F /* XSufileResolving */,
			);
		};
/* End PBXProject section */

/* Begin PBXResourcesBuildPhase section */
		887957B71CFC4167006D974F /* Resources */ = {
			isa = PBXResourcesBuildPhase;
			buildActionMask = 2147483647;
			files = (
				887957C61CFC4168006D974F /* Assets.xcassets in Resources */,
				887957C91CFC4168006D974F /* Main.storyboard in Resources */,
			);
			runOnlyForDeploymentPostprocessing = 0;
		};
/* End PBXResourcesBuildPhase section */

/* Begin PBXSourcesBuildPhase section */
		887957B51CFC4167006D974F /* Sources */ = {
			isa = PBXSourcesBuildPhase;
			buildActionMask = 2147483647;
			files = (
				887957C41CFC4168006D974F /* ViewController.m in Sources */,
				887957C11CFC4168006D974F /* main.m in Sources */,
				887957BE1CFC4168006D974F /* AppDelegate.m in Sources */,
			);
			runOnlyForDeploymentPostprocessing = 0;
		};
/* End PBXSourcesBuildPhase section */

/* Begin PBXVariantGroup section */
		887957C71CFC4168006D974F /* Main.storyboard */ = {
			isa = PBXVariantGroup;
			children = (
				887957C81CFC4168006D974F /* Base */,
			);
			name = Main.storyboard;
			sourceTree = "<group>";
		};
/* End PBXVariantGroup section */

/* Begin XCBuildConfiguration section */
		887957CB1CFC4168006D974F /* Debug */ = {
			isa = XCBuildConfiguration;
			buildSettings = {
				ALWAYS_SEARCH_USER_PATHS = NO;
				CLANG_ANALYZER_NONNULL = YES;
				CLANG_CXX_LANGUAGE_STANDARD = "gnu++0x";
				CLANG_CXX_LIBRARY = "libc++";
				CLANG_ENABLE_MODULES = YES;
				CLANG_ENABLE_OBJC_ARC = YES;
				CLANG_WARN_BOOL_CONVERSION = YES;
				CLANG_WARN_CONSTANT_CONVERSION = YES;
				CLANG_WARN_DIRECT_OBJC_ISA_USAGE = YES_ERROR;
				CLANG_WARN_EMPTY_BODY = YES;
				CLANG_WARN_ENUM_CONVERSION = YES;
				CLANG_WARN_INT_CONVERSION = YES;
				CLANG_WARN_OBJC_ROOT_CLASS = YES_ERROR;
				CLANG_WARN_UNREACHABLE_CODE = YES;
				CLANG_WARN__DUPLICATE_METHOD_MATCH = YES;
				CODE_SIGN_IDENTITY = "-";
				COPY_PHASE_STRIP = NO;
				DEBUG_INFORMATION_FORMAT = dwarf;
				ENABLE_STRICT_OBJC_MSGSEND = YES;
				ENABLE_TESTABILITY = YES;
				GCC_C_LANGUAGE_STANDARD = gnu99;
				GCC_DYNAMIC_NO_PIC = NO;
				GCC_NO_COMMON_BLOCKS = YES;
				GCC_OPTIMIZATION_LEVEL = 0;
				GCC_PREPROCESSOR_DEFINITIONS = (
					"DEBUG=1",
					"$(inherited)",
				);
				GCC_WARN_64_TO_32_BIT_CONVERSION = YES;
				GCC_WARN_ABOUT_RETURN_TYPE = YES_ERROR;
				GCC_WARN_UNDECLARED_SELECTOR = YES;
				GCC_WARN_UNINITIALIZED_AUTOS = YES_AGGRESSIVE;
				GCC_WARN_UNUSED_FUNCTION = YES;
				GCC_WARN_UNUSED_VARIABLE = YES;
				MACOSX_DEPLOYMENT_TARGET = 10.11;
				MTL_ENABLE_DEBUG_INFO = YES;
				ONLY_ACTIVE_ARCH = YES;
				SDKROOT = macosx;
			};
			name = Debug;
		};
		887957CC1CFC4168006D974F /* Release */ = {
			isa = XCBuildConfiguration;
			buildSettings = {
				ALWAYS_SEARCH_USER_PATHS = NO;
				CLANG_ANALYZER_NONNULL = YES;
				CLANG_CXX_LANGUAGE_STANDARD = "gnu++0x";
				CLANG_CXX_LIBRARY = "libc++";
				CLANG_ENABLE_MODULES = YES;
				CLANG_ENABLE_OBJC_ARC = YES;
				CLANG_WARN_BOOL_CONVERSION = YES;
				CLANG_WARN_CONSTANT_CONVERSION = YES;
				CLANG_WARN_DIRECT_OBJC_ISA_USAGE = YES_ERROR;
				CLANG_WARN_EMPTY_BODY = YES;
				CLANG_WARN_ENUM_CONVERSION = YES;
				CLANG_WARN_INT_CONVERSION = YES;
				CLANG_WARN_OBJC_ROOT_CLASS = YES_ERROR;
				CLANG_WARN_UNREACHABLE_CODE = YES;
				CLANG_WARN__DUPLICATE_METHOD_MATCH = YES;
				CODE_SIGN_IDENTITY = "-";
				COPY_PHASE_STRIP = NO;
				DEBUG_INFORMATION_FORMAT = "dwarf-with-dsym";
				ENABLE_NS_ASSERTIONS = NO;
				ENABLE_STRICT_OBJC_MSGSEND = YES;
				GCC_C_LANGUAGE_STANDARD = gnu99;
				GCC_NO_COMMON_BLOCKS = YES;
				GCC_WARN_64_TO_32_BIT_CONVERSION = YES;
				GCC_WARN_ABOUT_RETURN_TYPE = YES_ERROR;
				GCC_WARN_UNDECLARED_SELECTOR = YES;
				GCC_WARN_UNINITIALIZED_AUTOS = YES_AGGRESSIVE;
				GCC_WARN_UNUSED_FUNCTION = YES;
				GCC_WARN_UNUSED_VARIABLE = YES;
				MACOSX_DEPLOYMENT_TARGET = 10.11;
				MTL_ENABLE_DEBUG_INFO = NO;
				SDKROOT = macosx;
			};
			name = Release;
		};
		887957CE1CFC4168006D974F /* Debug */ = {
			isa = XCBuildConfiguration;
			buildSettings = {
				ASSETCATALOG_COMPILER_APPICON_NAME = AppIcon;
				COMBINE_HIDPI_IMAGES = YES;
				INFOPLIST_FILE = XSufileResolving/Info.plist;
				LD_RUNPATH_SEARCH_PATHS = "$(inherited) @executable_path/../Frameworks";
				MACOSX_DEPLOYMENT_TARGET = 10.10;
				PRODUCT_BUNDLE_IDENTIFIER = com.docee.XSufileResolving;
				PRODUCT_NAME = "$(TARGET_NAME)";
			};
			name = Debug;
		};
		887957CF1CFC4168006D974F /* Release */ = {
			isa = XCBuildConfiguration;
			buildSettings = {
				ASSETCATALOG_COMPILER_APPICON_NAME = AppIcon;
				COMBINE_HIDPI_IMAGES = YES;
				INFOPLIST_FILE = XSufileResolving/Info.plist;
				LD_RUNPATH_SEARCH_PATHS = "$(inherited) @executable_path/../Frameworks";
				MACOSX_DEPLOYMENT_TARGET = 10.10;
				PRODUCT_BUNDLE_IDENTIFIER = com.docee.XSufileResolving;
				PRODUCT_NAME = "$(TARGET_NAME)";
			};
			name = Release;
		};
/* End XCBuildConfiguration section */

/* Begin XCConfigurationList section */
		887957B41CFC4167006D974F /* Build configuration list for PBXProject "XSufileResolving" */ = {
			isa = XCConfigurationList;
			buildConfigurations = (
				887957CB1CFC4168006D974F /* Debug */,
				887957CC1CFC4168006D974F /* Release */,
			);
			defaultConfigurationIsVisible = 0;
			defaultConfigurationName = Release;
		};
		887957CD1CFC4168006D974F /* Build configuration list for PBXNativeTarget "XSufileResolving" */ = {
			isa = XCConfigurationList;
			buildConfigurations = (
				887957CE1CFC4168006D974F /* Debug */,
				887957CF1CFC4168006D974F /* Release */,
			);
			defaultConfigurationIsVisible = 0;
		};
/* End XCConfigurationList section */
	};
	rootObject = 887957B11CFC4167006D974F /* Project object */;
}
